<?xml version="1.0" encoding="utf-8"?>
<Project ToolsVersion="4.0" xmlns="http://schemas.microsoft.com/developer/msbuild/2003">
  <ItemGroup>
    <Filter Include="Resources">
      <UniqueIdentifier>{a2946e3d-a755-482f-81ed-2937bc725223}</UniqueIdentifier>
    </Filter>
  </ItemGroup>
  <ItemGroup>
    <ClInclude Include="resource.h" />
    <ClInclude Include="version.h" />
  </ItemGroup>
  <ItemGroup>
    <ResourceCompile Include="uFxSys.rc" />
  </ItemGroup>
  <ItemGroup>
    <Image Include="Resource\COM_GFX_LD0.bmp">
      <Filter>Resources</Filter>
    </Image>
    <Image Include="Resource\COM_GFX_LD1.bmp">
      <Filter>Resources</Filter>
    </Image>
  </ItemGroup>
  <ItemGroup>
    <None Include="Resource\NULL.bmp">
      <Filter>Resources</Filter>
    </None>
    <None Include="Resource\COM_SFX_ERR.wav" />
  </ItemGroup>
  <ItemGroup>
    <ClCompile Include="gaming.cpp" />
  </ItemGroup>
</Project>